
Microsoft Visual Studio Solution File, Format Version 12.00
# Visual Studio 15
VisualStudioVersion = 15.0.27130.2027
MinimumVisualStudioVersion = 10.0.40219.1
Project("{FAE04EC0-301F-11D3-BF4B-00C04F79EFBC}") = "Holidays", "Holidays\Holidays.csproj", "{D1127979-4847-44F9-A3F0-E40C3F915575}"
EndProject
Project("{2150E333-8FDC-42A3-9474-1A3956D46DE8}") = "Solution Items", "Solution Items", "{14B86DD8-CEEC-4FC7-B060-DECE6442FBCC}"
	ProjectSection(SolutionItems) = preProject
		LICENSE = LICENSE
	EndProjectSection
EndProject
Global
	GlobalSection(SolutionConfigurationPlatforms) = preSolution
		Debug|Any CPU = Debug|Any CPU
		Release|Any CPU = Release|Any CPU
	EndGlobalSection
	GlobalSection(ProjectConfigurationPlatforms) = postSolution
		{D1127979-4847-44F9-A3F0-E40C3F915575}.Debug|Any CPU.ActiveCfg = Debug|Any CPU
		{D1127979-4847-44F9-A3F0-E40C3F915575}.Debug|Any CPU.Build.0 = Debug|Any CPU
		{D1127979-4847-44F9-A3F0-E40C3F915575}.Release|Any CPU.ActiveCfg = Release|Any CPU
		{D1127979-4847-44F9-A3F0-E40C3F915575}.Release|Any CPU.Build.0 = Release|Any CPU
	EndGlobalSection
	GlobalSection(SolutionProperties) = preSolution
		HideSolutionNode = FALSE
	EndGlobalSection
	GlobalSection(ExtensibilityGlobals) = postSolution
		SolutionGuid = {6C639285-16DA-496B-B84E-4783C49E09BA}
	EndGlobalSection
EndGlobal
